
Microsoft Visual Studio Solution File, Format Version 12.00
# Visual Studio 15
VisualStudioVersion = 15.0.28010.2026
MinimumVisualStudioVersion = 10.0.40219.1
Project("{9A19103F-16F7-4668-BE54-9A1E7A4F7556}") = "DDDMediatR", "DDDMediatR\DDDMediatR.csproj", "{4C7A328B-AF60-4631-A721-6B772E7891AD}"
EndProject
Project("{9A19103F-16F7-4668-BE54-9A1E7A4F7556}") = "DDDAutofac", "DDDAutofac\DDDAutofac.csproj", "{0CA49043-6817-4798-B966-F427ABB2D918}"
EndProject
Project("{FAE04EC0-301F-11D3-BF4B-00C04F79EFBC}") = "DDDHostedService", "DDDHostedService\DDDHostedService.csproj", "{83967B80-A0B6-4AA8-9F75-BCA60F69EFFE}"
EndProject
Global
	GlobalSection(SolutionConfigurationPlatforms) = preSolution
		Debug|Any CPU = Debug|Any CPU
		Release|Any CPU = Release|Any CPU
	EndGlobalSection
	GlobalSection(ProjectConfigurationPlatforms) = postSolution
		{4C7A328B-AF60-4631-A721-6B772E7891AD}.Debug|Any CPU.ActiveCfg = Debug|Any CPU
		{4C7A328B-AF60-4631-A721-6B772E7891AD}.Debug|Any CPU.Build.0 = Debug|Any CPU
		{4C7A328B-AF60-4631-A721-6B772E7891AD}.Release|Any CPU.ActiveCfg = Release|Any CPU
		{4C7A328B-AF60-4631-A721-6B772E7891AD}.Release|Any CPU.Build.0 = Release|Any CPU
		{0CA49043-6817-4798-B966-F427ABB2D918}.Debug|Any CPU.ActiveCfg = Debug|Any CPU
		{0CA49043-6817-4798-B966-F427ABB2D918}.Debug|Any CPU.Build.0 = Debug|Any CPU
		{0CA49043-6817-4798-B966-F427ABB2D918}.Release|Any CPU.ActiveCfg = Release|Any CPU
		{0CA49043-6817-4798-B966-F427ABB2D918}.Release|Any CPU.Build.0 = Release|Any CPU
		{83967B80-A0B6-4AA8-9F75-BCA60F69EFFE}.Debug|Any CPU.ActiveCfg = Debug|Any CPU
		{83967B80-A0B6-4AA8-9F75-BCA60F69EFFE}.Debug|Any CPU.Build.0 = Debug|Any CPU
		{83967B80-A0B6-4AA8-9F75-BCA60F69EFFE}.Release|Any CPU.ActiveCfg = Release|Any CPU
		{83967B80-A0B6-4AA8-9F75-BCA60F69EFFE}.Release|Any CPU.Build.0 = Release|Any CPU
	EndGlobalSection
	GlobalSection(SolutionProperties) = preSolution
		HideSolutionNode = FALSE
	EndGlobalSection
	GlobalSection(ExtensibilityGlobals) = postSolution
		SolutionGuid = {12669E7A-CBAA-4C09-A99D-FD6E2E0137E5}
	EndGlobalSection
EndGlobal
